Microsoft Visual Studio Solution File, Format Version 12.00
# Visual Studio 15
VisualStudioVersion = 15.0.27703.2042
MinimumVisualStudioVersion = 10.0.40219.1
Project("{FAE04EC0-301F-11D3-BF4B-00C04F79EFBC}") = "Blog.Common", "Library\Blog.Common\Blog.Common.csproj", "{8529A692-F045-4CBF-860F-6E006DED5CA7}"
EndProject
Project("{FAE04EC0-301F-11D3-BF4B-00C04F79EFBC}") = "Blog.Data", "Library\Blog.Data\Blog.Data.csproj", "{DF9D430D-B917-4AA9-96E3-D01FFC3F368E}"
EndProject
Project("{FAE04EC0-301F-11D3-BF4B-00C04F79EFBC}") = "Blog.Entities", "Library\Blog.Entities\Blog.Entities.csproj", "{04E7E08D-16ED-4223-B428-D52666D3DBC4}"
EndProject
Project("{FAE04EC0-301F-11D3-BF4B-00C04F79EFBC}") = "Blog.Services", "Library\Blog.Services\Blog.Services.csproj", "{26C1A3F8-6D53-4938-8461-96C5AEBDBA05}"
EndProject
Project("{2150E333-8FDC-42A3-9474-1A3956D46DE8}") = "Library", "Library", "{E8FD6F0F-DDD3-4978-BFF2-F0FF2FD68F7A}"
EndProject
Project("{FAE04EC0-301F-11D3-BF4B-00C04F79EFBC}") = "Blog.APICommon", "Library\Blog.APICommon\Blog.APICommon.csproj", "{D7E3F15C-D3CF-49F1-91F3-3E7CADC64CB6}"
EndProject
Project("{FAE04EC0-301F-11D3-BF4B-00C04F79EFBC}") = "BlogApi", "BlogApi\BlogApi.csproj", "{2ADD93C5-F8BF-4BE2-A07E-AFABA97E1BAD}"
EndProject
Project("{FAE04EC0-301F-11D3-BF4B-00C04F79EFBC}") = "Blog", "Blog\Blog.csproj", "{9F3671BA-44FA-4EAA-BF69-A3B44395F96F}"
EndProject
Global
	GlobalSection(SolutionConfigurationPlatforms) = preSolution
		Debug|Any CPU = Debug|Any CPU
		QA|Any CPU = QA|Any CPU
		Release|Any CPU = Release|Any CPU
		Staging|Any CPU = Staging|Any CPU
	EndGlobalSection
	GlobalSection(ProjectConfigurationPlatforms) = postSolution
		{8529A692-F045-4CBF-860F-6E006DED5CA7}.Debug|Any CPU.ActiveCfg = Debug|Any CPU
		{8529A692-F045-4CBF-860F-6E006DED5CA7}.Debug|Any CPU.Build.0 = Debug|Any CPU
		{8529A692-F045-4CBF-860F-6E006DED5CA7}.QA|Any CPU.ActiveCfg = Release|Any CPU
		{8529A692-F045-4CBF-860F-6E006DED5CA7}.QA|Any CPU.Build.0 = Release|Any CPU
		{8529A692-F045-4CBF-860F-6E006DED5CA7}.Release|Any CPU.ActiveCfg = Release|Any CPU
		{8529A692-F045-4CBF-860F-6E006DED5CA7}.Release|Any CPU.Build.0 = Release|Any CPU
		{8529A692-F045-4CBF-860F-6E006DED5CA7}.Staging|Any CPU.ActiveCfg = Release|Any CPU
		{8529A692-F045-4CBF-860F-6E006DED5CA7}.Staging|Any CPU.Build.0 = Release|Any CPU
		{DF9D430D-B917-4AA9-96E3-D01FFC3F368E}.Debug|Any CPU.ActiveCfg = Debug|Any CPU
		{DF9D430D-B917-4AA9-96E3-D01FFC3F368E}.Debug|Any CPU.Build.0 = Debug|Any CPU
		{DF9D430D-B917-4AA9-96E3-D01FFC3F368E}.QA|Any CPU.ActiveCfg = QA|Any CPU
		{DF9D430D-B917-4AA9-96E3-D01FFC3F368E}.QA|Any CPU.Build.0 = QA|Any CPU
		{DF9D430D-B917-4AA9-96E3-D01FFC3F368E}.Release|Any CPU.ActiveCfg = Release|Any CPU
		{DF9D430D-B917-4AA9-96E3-D01FFC3F368E}.Release|Any CPU.Build.0 = Release|Any CPU
		{DF9D430D-B917-4AA9-96E3-D01FFC3F368E}.Staging|Any CPU.ActiveCfg = Staging|Any CPU
		{DF9D430D-B917-4AA9-96E3-D01FFC3F368E}.Staging|Any CPU.Build.0 = Staging|Any CPU
		{04E7E08D-16ED-4223-B428-D52666D3DBC4}.Debug|Any CPU.ActiveCfg = Debug|Any CPU
		{04E7E08D-16ED-4223-B428-D52666D3DBC4}.Debug|Any CPU.Build.0 = Debug|Any CPU
		{04E7E08D-16ED-4223-B428-D52666D3DBC4}.QA|Any CPU.ActiveCfg = QA|Any CPU
		{04E7E08D-16ED-4223-B428-D52666D3DBC4}.QA|Any CPU.Build.0 = QA|Any CPU
		{04E7E08D-16ED-4223-B428-D52666D3DBC4}.Release|Any CPU.ActiveCfg = Release|Any CPU
		{04E7E08D-16ED-4223-B428-D52666D3DBC4}.Release|Any CPU.Build.0 = Release|Any CPU
		{04E7E08D-16ED-4223-B428-D52666D3DBC4}.Staging|Any CPU.ActiveCfg = Staging|Any CPU
		{04E7E08D-16ED-4223-B428-D52666D3DBC4}.Staging|Any CPU.Build.0 = Staging|Any CPU
		{26C1A3F8-6D53-4938-8461-96C5AEBDBA05}.Debug|Any CPU.ActiveCfg = Debug|Any CPU
		{26C1A3F8-6D53-4938-8461-96C5AEBDBA05}.Debug|Any CPU.Build.0 = Debug|Any CPU
		{26C1A3F8-6D53-4938-8461-96C5AEBDBA05}.QA|Any CPU.ActiveCfg = QA|Any CPU
		{26C1A3F8-6D53-4938-8461-96C5AEBDBA05}.QA|Any CPU.Build.0 = QA|Any CPU
		{26C1A3F8-6D53-4938-8461-96C5AEBDBA05}.Release|Any CPU.ActiveCfg = Release|Any CPU
		{26C1A3F8-6D53-4938-8461-96C5AEBDBA05}.Release|Any CPU.Build.0 = Release|Any CPU
		{26C1A3F8-6D53-4938-8461-96C5AEBDBA05}.Staging|Any CPU.ActiveCfg = Staging|Any CPU
		{26C1A3F8-6D53-4938-8461-96C5AEBDBA05}.Staging|Any CPU.Build.0 = Staging|Any CPU
		{D7E3F15C-D3CF-49F1-91F3-3E7CADC64CB6}.Debug|Any CPU.ActiveCfg = Debug|Any CPU
		{D7E3F15C-D3CF-49F1-91F3-3E7CADC64CB6}.Debug|Any CPU.Build.0 = Debug|Any CPU
		{D7E3F15C-D3CF-49F1-91F3-3E7CADC64CB6}.QA|Any CPU.ActiveCfg = QA|Any CPU
		{D7E3F15C-D3CF-49F1-91F3-3E7CADC64CB6}.QA|Any CPU.Build.0 = QA|Any CPU
		{D7E3F15C-D3CF-49F1-91F3-3E7CADC64CB6}.Release|Any CPU.ActiveCfg = Release|Any CPU
		{D7E3F15C-D3CF-49F1-91F3-3E7CADC64CB6}.Release|Any CPU.Build.0 = Release|Any CPU
		{D7E3F15C-D3CF-49F1-91F3-3E7CADC64CB6}.Staging|Any CPU.ActiveCfg = Staging|Any CPU
		{D7E3F15C-D3CF-49F1-91F3-3E7CADC64CB6}.Staging|Any CPU.Build.0 = Staging|Any CPU
		{2ADD93C5-F8BF-4BE2-A07E-AFABA97E1BAD}.Debug|Any CPU.ActiveCfg = Debug|Any CPU
		{2ADD93C5-F8BF-4BE2-A07E-AFABA97E1BAD}.Debug|Any CPU.Build.0 = Debug|Any CPU
		{2ADD93C5-F8BF-4BE2-A07E-AFABA97E1BAD}.QA|Any CPU.ActiveCfg = Release|Any CPU
		{2ADD93C5-F8BF-4BE2-A07E-AFABA97E1BAD}.QA|Any CPU.Build.0 = Release|Any CPU
		{2ADD93C5-F8BF-4BE2-A07E-AFABA97E1BAD}.Release|Any CPU.ActiveCfg = Release|Any CPU
		{2ADD93C5-F8BF-4BE2-A07E-AFABA97E1BAD}.Release|Any CPU.Build.0 = Release|Any CPU
		{2ADD93C5-F8BF-4BE2-A07E-AFABA97E1BAD}.Staging|Any CPU.ActiveCfg = Release|Any CPU
		{2ADD93C5-F8BF-4BE2-A07E-AFABA97E1BAD}.Staging|Any CPU.Build.0 = Release|Any CPU
		{9F3671BA-44FA-4EAA-BF69-A3B44395F96F}.Debug|Any CPU.ActiveCfg = Debug|Any CPU
		{9F3671BA-44FA-4EAA-BF69-A3B44395F96F}.Debug|Any CPU.Build.0 = Debug|Any CPU
		{9F3671BA-44FA-4EAA-BF69-A3B44395F96F}.QA|Any CPU.ActiveCfg = Release|Any CPU
		{9F3671BA-44FA-4EAA-BF69-A3B44395F96F}.QA|Any CPU.Build.0 = Release|Any CPU
		{9F3671BA-44FA-4EAA-BF69-A3B44395F96F}.Release|Any CPU.ActiveCfg = Release|Any CPU
		{9F3671BA-44FA-4EAA-BF69-A3B44395F96F}.Release|Any CPU.Build.0 = Release|Any CPU
		{9F3671BA-44FA-4EAA-BF69-A3B44395F96F}.Staging|Any CPU.ActiveCfg = Release|Any CPU
		{9F3671BA-44FA-4EAA-BF69-A3B44395F96F}.Staging|Any CPU.Build.0 = Release|Any CPU
	EndGlobalSection
	GlobalSection(SolutionProperties) = preSolution
		HideSolutionNode = FALSE
	EndGlobalSection
	GlobalSection(NestedProjects) = preSolution
		{8529A692-F045-4CBF-860F-6E006DED5CA7} = {E8FD6F0F-DDD3-4978-BFF2-F0FF2FD68F7A}
		{DF9D430D-B917-4AA9-96E3-D01FFC3F368E} = {E8FD6F0F-DDD3-4978-BFF2-F0FF2FD68F7A}
		{04E7E08D-16ED-4223-B428-D52666D3DBC4} = {E8FD6F0F-DDD3-4978-BFF2-F0FF2FD68F7A}
		{26C1A3F8-6D53-4938-8461-96C5AEBDBA05} = {E8FD6F0F-DDD3-4978-BFF2-F0FF2FD68F7A}
		{D7E3F15C-D3CF-49F1-91F3-3E7CADC64CB6} = {E8FD6F0F-DDD3-4978-BFF2-F0FF2FD68F7A}
	EndGlobalSection
	GlobalSection(ExtensibilityGlobals) = postSolution
		SolutionGuid = {25C36803-363C-4FC5-ABBE-294F4390A86E}
	EndGlobalSection
EndGlobal
